<?xml version="1.0" encoding="utf-8"?>
<Project ToolsVersion="4.0" xmlns="http://schemas.microsoft.com/developer/msbuild/2003">
  <ItemGroup>
    <ClCompile Include="View.cpp" />
    <ClCompile Include="MainView.cpp" />
    <ClCompile Include="Font.cpp" />
    <ClCompile Include="Window.cpp" />
    <ClCompile Include="Grid.cpp" />
    <ClCompile Include="Model\Object.cpp">
      <Filter>Model</Filter>
    </ClCompile>
    <ClCompile Include="Model\ImageObject.cpp">
      <Filter>Model</Filter>
    </ClCompile>
    <ClCompile Include="RenderContext.cpp" />
    <ClCompile Include="Model\VectorObject.cpp">
      <Filter>Model</Filter>
    </ClCompile>
    <ClCompile Include="Tools\VectorTool.cpp">
      <Filter>Tools</Filter>
    </ClCompile>
    <ClCompile Include="Tools\Tool.cpp">
      <Filter>Tools</Filter>
    </ClCompile>
    <ClCompile Include="Model\Model.cpp">
      <Filter>Model</Filter>
    </ClCompile>
    <ClCompile Include="App.cpp" />
    <ClCompile Include="Model\CommandStack.cpp">
      <Filter>Model</Filter>
    </ClCompile>
    <ClCompile Include="Model\Command\AddObject.cpp">
      <Filter>Model\Command</Filter>
    </ClCompile>
    <ClCompile Include="Model\Command\Base.cpp">
      <Filter>Model\Command</Filter>
    </ClCompile>
    <ClCompile Include="Model\Command\EdgeMesh.cpp">
      <Filter>Model\Command</Filter>
    </ClCompile>
    <ClCompile Include="Model\Command\AddWall.cpp">
      <Filter>Model\Command</Filter>
    </ClCompile>
    <ClCompile Include="Tools\SelectTool.cpp">
      <Filter>Tools</Filter>
    </ClCompile>
    <ClCompile Include="Model\Selection.cpp">
      <Filter>Model</Filter>
    </ClCompile>
    <ClCompile Include="Model\Notification.cpp">
      <Filter>Model</Filter>
    </ClCompile>
    <ClCompile Include="Tools\AddVertTool.cpp">
      <Filter>Tools</Filter>
    </ClCompile>
    <ClCompile Include="Model\Command\AddVert.cpp">
      <Filter>Model\Command</Filter>
    </ClCompile>
    <ClCompile Include="Model\Command\DeleteVert.cpp">
      <Filter>Model\Command</Filter>
    </ClCompile>
  </ItemGroup>
  <ItemGroup>
    <ClInclude Include="View.h" />
    <ClInclude Include="MainView.h" />
    <ClInclude Include="Font.h" />
    <ClInclude Include="Window.h" />
    <ClInclude Include="Grid.h" />
    <ClInclude Include="Model\VectorObject.h">
      <Filter>Model</Filter>
    </ClInclude>
    <ClInclude Include="Tools\VectorTool.h">
      <Filter>Tools</Filter>
    </ClInclude>
    <ClInclude Include="Tools\Tool.h">
      <Filter>Tools</Filter>
    </ClInclude>
    <ClInclude Include="Model\Model.h">
      <Filter>Model</Filter>
    </ClInclude>
    <ClInclude Include="App.h" />
    <ClInclude Include="Model\CommandStack.h">
      <Filter>Model</Filter>
    </ClInclude>
    <ClInclude Include="Model\Command\Base.h">
      <Filter>Model\Command</Filter>
    </ClInclude>
    <ClInclude Include="Model\Command\AddObject.h">
      <Filter>Model\Command</Filter>
    </ClInclude>
    <ClInclude Include="Model\Command\EdgeMesh.h">
      <Filter>Model\Command</Filter>
    </ClInclude>
    <ClInclude Include="Model\Command\AddWall.h">
      <Filter>Model\Command</Filter>
    </ClInclude>
    <ClInclude Include="Tools\SelectTool.h">
      <Filter>Tools</Filter>
    </ClInclude>
    <ClInclude Include="Model\Selection.h">
      <Filter>Model</Filter>
    </ClInclude>
    <ClInclude Include="Model\Notification.h">
      <Filter>Model</Filter>
    </ClInclude>
    <ClInclude Include="Tools\AddVertTool.h">
      <Filter>Tools</Filter>
    </ClInclude>
    <ClInclude Include="Model\Command\AddVert.h">
      <Filter>Model\Command</Filter>
    </ClInclude>
    <ClInclude Include="Model\Command\DeleteVert.h">
      <Filter>Model\Command</Filter>
    </ClInclude>
  </ItemGroup>
  <ItemGroup>
    <Filter Include="Model">
      <UniqueIdentifier>{2efc80d7-d494-49be-9b83-46826a517d7b}</UniqueIdentifier>
    </Filter>
    <ClInclude Include="RenderContext.h" />
    <ClInclude Include="Model\Object.h">
      <Filter>Model</Filter>
    </ClInclude>
    <ClInclude Include="Model\ImageObject.h">
      <Filter>Model</Filter>
    </ClInclude>
    <Filter Include="Tools">
      <UniqueIdentifier>{f1f9e881-c55f-4863-92b3-55a5a01b02bb}</UniqueIdentifier>
    </Filter>
    <Filter Include="Model\Command">
      <UniqueIdentifier>{39a857c0-807c-4896-89a2-66b6722d2e22}</UniqueIdentifier>
    </Filter>
  </ItemGroup>
  <ItemGroup>
    <Filter Include="Model">
      <UniqueIdentifier>{2efc80d7-d494-49be-9b83-46826a517d7b}</UniqueIdentifier>
    </Filter>
    <ClInclude Include="RenderContext.h" />
  </ItemGroup>
</Project>